{
  "name": "icsmp",
  "version": "1.0.0",
  "lockfileVersion": 1,
  "requires": true,
  "dependencies": {
    "evaporate": {
      "version": "2.1.4",
      "resolved": "https://registry.npmjs.org/evaporate/-/evaporate-2.1.4.tgz",
      "integrity": "sha1-RKpGqTA0f9/+kCe647sq9x56Mpk=",
      "dev": true
    }
  }
}
